
Microsoft Visual Studio Solution File, Format Version 12.00
# Visual Studio 2012
Project("{FAE04EC0-301F-11D3-BF4B-00C04F79EFBC}") = "Nancy.Elmah", "Src\Nancy.Elmah\Nancy.Elmah.csproj", "{0197BFB4-AF82-4F15-9FFB-DA6656204A8B}"
EndProject
Project("{FAE04EC0-301F-11D3-BF4B-00C04F79EFBC}") = "Nancy.Elmah.Asp.Net.Example", "Src\Nancy.Elmah.Asp.Net.Example\Nancy.Elmah.Asp.Net.Example.csproj", "{5B2D8951-9284-4C36-950C-BBFFA7E0A57D}"
EndProject
Global
	GlobalSection(SolutionConfigurationPlatforms) = preSolution
		Debug|Any CPU = Debug|Any CPU
		Release|Any CPU = Release|Any CPU
	EndGlobalSection
	GlobalSection(ProjectConfigurationPlatforms) = postSolution
		{0197BFB4-AF82-4F15-9FFB-DA6656204A8B}.Debug|Any CPU.ActiveCfg = Debug|Any CPU
		{0197BFB4-AF82-4F15-9FFB-DA6656204A8B}.Debug|Any CPU.Build.0 = Debug|Any CPU
		{0197BFB4-AF82-4F15-9FFB-DA6656204A8B}.Release|Any CPU.ActiveCfg = Release|Any CPU
		{0197BFB4-AF82-4F15-9FFB-DA6656204A8B}.Release|Any CPU.Build.0 = Release|Any CPU
		{5B2D8951-9284-4C36-950C-BBFFA7E0A57D}.Debug|Any CPU.ActiveCfg = Debug|Any CPU
		{5B2D8951-9284-4C36-950C-BBFFA7E0A57D}.Debug|Any CPU.Build.0 = Debug|Any CPU
		{5B2D8951-9284-4C36-950C-BBFFA7E0A57D}.Release|Any CPU.ActiveCfg = Release|Any CPU
		{5B2D8951-9284-4C36-950C-BBFFA7E0A57D}.Release|Any CPU.Build.0 = Release|Any CPU
	EndGlobalSection
	GlobalSection(SolutionProperties) = preSolution
		HideSolutionNode = FALSE
	EndGlobalSection
EndGlobal
